// !$*UTF8*$!
{
	archiveVersion = 1;
	classes = {
	};
	objectVersion = 46;
	objects = {

/* Begin PBXBuildFile section */
		94DD61361AE5CC9D00B7140F /* main.m in Sources */ = {isa = PBXBuildFile; fileRef = 94DD61351AE5CC9D00B7140F /* main.m */; };
		94DD61391AE5CC9D00B7140F /* AppDelegate.m in Sources */ = {isa = PBXBuildFile; fileRef = 94DD61381AE5CC9D00B7140F /* AppDelegate.m */; };
		94DD613C1AE5CC9D00B7140F /* ViewController.m in Sources */ = {isa = PBXBuildFile; fileRef = 94DD613B1AE5CC9D00B7140F /* ViewController.m */; };
		94DD61411AE5CC9E00B7140F /* Images.xcassets in Resources */ = {isa = PBXBuildFile; fileRef = 94DD61401AE5CC9E00B7140F /* Images.xcassets */; };
		94DD61441AE5CC9E00B7140F /* LaunchScreen.xib in Resources */ = {isa = PBXBuildFile; fileRef = 94DD61421AE5CC9E00B7140F /* LaunchScreen.xib */; };
		94DD61501AE5CC9E00B7140F /* JordansDemoAppTests.m in Sources */ = {isa = PBXBuildFile; fileRef = 94DD614F1AE5CC9E00B7140F /* JordansDemoAppTests.m */; };
		AD9BB591DFB864E7AEF510A8 /* MainView.m in Sources */ = {isa = PBXBuildFile; fileRef = AD9BBAFD8808328413AC7EA4 /* MainView.m */; };
		D4A3589B21229377F0ACD9D0 /* libPods.a in Frameworks */ = {isa = PBXBuildFile; fileRef = 6D386E529E08FB055AC1601D /* libPods.a */; };
/* End PBXBuildFile section */

/* Begin PBXContainerItemProxy section */
		94DD614A1AE5CC9E00B7140F /* PBXContainerItemProxy */ = {
			isa = PBXContainerItemProxy;
			containerPortal = 94DD61281AE5CC9D00B7140F /* Project object */;
			proxyType = 1;
			remoteGlobalIDString = 94DD612F1AE5CC9D00B7140F;
			remoteInfo = JordansDemoApp;
		};
/* End PBXContainerItemProxy section */

/* Begin PBXFileReference section */
		3CF0D8077404E8D505641B55 /* Pods.release.xcconfig */ = {isa = PBXFileReference; includeInIndex = 1; lastKnownFileType = text.xcconfig; name = Pods.release.xcconfig; path = "Pods/Target Support Files/Pods/Pods.release.xcconfig"; sourceTree = "<group>"; };
		6D386E529E08FB055AC1601D /* libPods.a */ = {isa = PBXFileReference; explicitFileType = archive.ar; includeInIndex = 0; path = libPods.a; sourceTree = BUILT_PRODUCTS_DIR; };
		94DD61301AE5CC9D00B7140F /* JordansDemoApp.app */ = {isa = PBXFileReference; explicitFileType = wrapper.application; includeInIndex = 0; path = JordansDemoApp.app; sourceTree = BUILT_PRODUCTS_DIR; };
		94DD61341AE5CC9D00B7140F /* Info.plist */ = {isa = PBXFileReference; lastKnownFileType = text.plist.xml; path = Info.plist; sourceTree = "<group>"; };
		94DD61351AE5CC9D00B7140F /* main.m */ = {isa = PBXFileReference; lastKnownFileType = sourcecode.c.objc; path = main.m; sourceTree = "<group>"; };
		94DD61371AE5CC9D00B7140F /* AppDelegate.h */ = {isa = PBXFileReference; lastKnownFileType = sourcecode.c.h; path = AppDelegate.h; sourceTree = "<group>"; };
		94DD61381AE5CC9D00B7140F /* AppDelegate.m */ = {isa = PBXFileReference; lastKnownFileType = sourcecode.c.objc; path = AppDelegate.m; sourceTree = "<group>"; };
		94DD613A1AE5CC9D00B7140F /* ViewController.h */ = {isa = PBXFileReference; lastKnownFileType = sourcecode.c.h; path = ViewController.h; sourceTree = "<group>"; };
		94DD613B1AE5CC9D00B7140F /* ViewController.m */ = {isa = PBXFileReference; lastKnownFileType = sourcecode.c.objc; path = ViewController.m; sourceTree = "<group>"; };
		94DD61401AE5CC9E00B7140F /* Images.xcassets */ = {isa = PBXFileReference; lastKnownFileType = folder.assetcatalog; path = Images.xcassets; sourceTree = "<group>"; };
		94DD61431AE5CC9E00B7140F /* Base */ = {isa = PBXFileReference; lastKnownFileType = file.xib; name = Base; path = Base.lproj/LaunchScreen.xib; sourceTree = "<group>"; };
		94DD61491AE5CC9E00B7140F /* JordansDemoAppTests.xctest */ = {isa = PBXFileReference; explicitFileType = wrapper.cfbundle; includeInIndex = 0; path = JordansDemoAppTests.xctest; sourceTree = BUILT_PRODUCTS_DIR; };
		94DD614E1AE5CC9E00B7140F /* Info.plist */ = {isa = PBXFileReference; lastKnownFileType = text.plist.xml; path = Info.plist; sourceTree = "<group>"; };
		94DD614F1AE5CC9E00B7140F /* JordansDemoAppTests.m */ = {isa = PBXFileReference; lastKnownFileType = sourcecode.c.objc; path = JordansDemoAppTests.m; sourceTree = "<group>"; };
		AD9BB16C265375AEAB355F19 /* MainView.h */ = {isa = PBXFileReference; fileEncoding = 4; lastKnownFileType = sourcecode.c.h; path = MainView.h; sourceTree = "<group>"; };
		AD9BBAFD8808328413AC7EA4 /* MainView.m */ = {isa = PBXFileReference; fileEncoding = 4; lastKnownFileType = sourcecode.c.objc; path = MainView.m; sourceTree = "<group>"; };
		DC8A5A36E01C92974E7F4D16 /* Pods.debug.xcconfig */ = {isa = PBXFileReference; includeInIndex = 1; lastKnownFileType = text.xcconfig; name = Pods.debug.xcconfig; path = "Pods/Target Support Files/Pods/Pods.debug.xcconfig"; sourceTree = "<group>"; };
/* End PBXFileReference section */

/* Begin PBXFrameworksBuildPhase section */
		94DD612D1AE5CC9D00B7140F /* Frameworks */ = {
			isa = PBXFrameworksBuildPhase;
			buildActionMask = 2147483647;
			files = (
				D4A3589B21229377F0ACD9D0 /* libPods.a in Frameworks */,
			);
			runOnlyForDeploymentPostprocessing = 0;
		};
		94DD61461AE5CC9E00B7140F /* Frameworks */ = {
			isa = PBXFrameworksBuildPhase;
			buildActionMask = 2147483647;
			files = (
			);
			runOnlyForDeploymentPostprocessing = 0;
		};
/* End PBXFrameworksBuildPhase section */

/* Begin PBXGroup section */
		2AD8CF9498562AA5078C679B /* Pods */ = {
			isa = PBXGroup;
			children = (
				DC8A5A36E01C92974E7F4D16 /* Pods.debug.xcconfig */,
				3CF0D8077404E8D505641B55 /* Pods.release.xcconfig */,
			);
			name = Pods;
			sourceTree = "<group>";
		};
		600B47FEB634B332ADC4A708 /* Frameworks */ = {
			isa = PBXGroup;
			children = (
				6D386E529E08FB055AC1601D /* libPods.a */,
			);
			name = Frameworks;
			sourceTree = "<group>";
		};
		94DD61271AE5CC9D00B7140F = {
			isa = PBXGroup;
			children = (
				94DD61321AE5CC9D00B7140F /* JordansDemoApp */,
				94DD614C1AE5CC9E00B7140F /* JordansDemoAppTests */,
				94DD61311AE5CC9D00B7140F /* Products */,
				2AD8CF9498562AA5078C679B /* Pods */,
				600B47FEB634B332ADC4A708 /* Frameworks */,
			);
			sourceTree = "<group>";
		};
		94DD61311AE5CC9D00B7140F /* Products */ = {
			isa = PBXGroup;
			children = (
				94DD61301AE5CC9D00B7140F /* JordansDemoApp.app */,
				94DD61491AE5CC9E00B7140F /* JordansDemoAppTests.xctest */,
			);
			name = Products;
			sourceTree = "<group>";
		};
		94DD61321AE5CC9D00B7140F /* JordansDemoApp */ = {
			isa = PBXGroup;
			children = (
				94DD61371AE5CC9D00B7140F /* AppDelegate.h */,
				94DD61381AE5CC9D00B7140F /* AppDelegate.m */,
				94DD613A1AE5CC9D00B7140F /* ViewController.h */,
				94DD613B1AE5CC9D00B7140F /* ViewController.m */,
				94DD61401AE5CC9E00B7140F /* Images.xcassets */,
				94DD61421AE5CC9E00B7140F /* LaunchScreen.xib */,
				94DD61331AE5CC9D00B7140F /* Supporting Files */,
				AD9BBAFD8808328413AC7EA4 /* MainView.m */,
				AD9BB16C265375AEAB355F19 /* MainView.h */,
			);
			path = JordansDemoApp;
			sourceTree = "<group>";
		};
		94DD61331AE5CC9D00B7140F /* Supporting Files */ = {
			isa = PBXGroup;
			children = (
				94DD61341AE5CC9D00B7140F /* Info.plist */,
				94DD61351AE5CC9D00B7140F /* main.m */,
			);
			name = "Supporting Files";
			sourceTree = "<group>";
		};
		94DD614C1AE5CC9E00B7140F /* JordansDemoAppTests */ = {
			isa = PBXGroup;
			children = (
				94DD614F1AE5CC9E00B7140F /* JordansDemoAppTests.m */,
				94DD614D1AE5CC9E00B7140F /* Supporting Files */,
			);
			path = JordansDemoAppTests;
			sourceTree = "<group>";
		};
		94DD614D1AE5CC9E00B7140F /* Supporting Files */ = {
			isa = PBXGroup;
			children = (
				94DD614E1AE5CC9E00B7140F /* Info.plist */,
			);
			name = "Supporting Files";
			sourceTree = "<group>";
		};
/* End PBXGroup section */

/* Begin PBXNativeTarget section */
		94DD612F1AE5CC9D00B7140F /* JordansDemoApp */ = {
			isa = PBXNativeTarget;
			buildConfigurationList = 94DD61531AE5CC9E00B7140F /* Build configuration list for PBXNativeTarget "JordansDemoApp" */;
			buildPhases = (
				2558A50E4CFF5268AD9C5D82 /* Check Pods Manifest.lock */,
				94DD612C1AE5CC9D00B7140F /* Sources */,
				94DD612D1AE5CC9D00B7140F /* Frameworks */,
				94DD612E1AE5CC9D00B7140F /* Resources */,
				55B464267A4A2A2CD57521EC /* Copy Pods Resources */,
			);
			buildRules = (
			);
			dependencies = (
			);
			name = JordansDemoApp;
			productName = JordansDemoApp;
			productReference = 94DD61301AE5CC9D00B7140F /* JordansDemoApp.app */;
			productType = "com.apple.product-type.application";
		};
		94DD61481AE5CC9E00B7140F /* JordansDemoAppTests */ = {
			isa = PBXNativeTarget;
			buildConfigurationList = 94DD61561AE5CC9E00B7140F /* Build configuration list for PBXNativeTarget "JordansDemoAppTests" */;
			buildPhases = (
				94DD61451AE5CC9E00B7140F /* Sources */,
				94DD61461AE5CC9E00B7140F /* Frameworks */,
				94DD61471AE5CC9E00B7140F /* Resources */,
			);
			buildRules = (
			);
			dependencies = (
				94DD614B1AE5CC9E00B7140F /* PBXTargetDependency */,
			);
			name = JordansDemoAppTests;
			productName = JordansDemoAppTests;
			productReference = 94DD61491AE5CC9E00B7140F /* JordansDemoAppTests.xctest */;
			productType = "com.apple.product-type.bundle.unit-test";
		};
/* End PBXNativeTarget section */

/* Begin PBXProject section */
		94DD61281AE5CC9D00B7140F /* Project object */ = {
			isa = PBXProject;
			attributes = {
				LastUpgradeCheck = 0630;
				ORGANIZATIONNAME = "Jordan Schaenzle";
				TargetAttributes = {
					94DD612F1AE5CC9D00B7140F = {
						CreatedOnToolsVersion = 6.3;
					};
					94DD61481AE5CC9E00B7140F = {
						CreatedOnToolsVersion = 6.3;
						TestTargetID = 94DD612F1AE5CC9D00B7140F;
					};
				};
			};
			buildConfigurationList = 94DD612B1AE5CC9D00B7140F /* Build configuration list for PBXProject "JordansDemoApp" */;
			compatibilityVersion = "Xcode 3.2";
			developmentRegion = English;
			hasScannedForEncodings = 0;
			knownRegions = (
				en,
				Base,
			);
			mainGroup = 94DD61271AE5CC9D00B7140F;
			productRefGroup = 94DD61311AE5CC9D00B7140F /* Products */;
			projectDirPath = "";
			projectReferences = (
			);
			projectRoot = "";
			targets = (
				94DD612F1AE5CC9D00B7140F /* JordansDemoApp */,
				94DD61481AE5CC9E00B7140F /* JordansDemoAppTests */,
			);
		};
/* End PBXProject section */

/* Begin PBXResourcesBuildPhase section */
		94DD612E1AE5CC9D00B7140F /* Resources */ = {
			isa = PBXResourcesBuildPhase;
			buildActionMask = 2147483647;
			files = (
				94DD61441AE5CC9E00B7140F /* LaunchScreen.xib in Resources */,
				94DD61411AE5CC9E00B7140F /* Images.xcassets in Resources */,
			);
			runOnlyForDeploymentPostprocessing = 0;
		};
		94DD61471AE5CC9E00B7140F /* Resources */ = {
			isa = PBXResourcesBuildPhase;
			buildActionMask = 2147483647;
			files = (
			);
			runOnlyForDeploymentPostprocessing = 0;
		};
/* End PBXResourcesBuildPhase section */

/* Begin PBXShellScriptBuildPhase section */
		2558A50E4CFF5268AD9C5D82 /* Check Pods Manifest.lock */ = {
			isa = PBXShellScriptBuildPhase;
			buildActionMask = 2147483647;
			files = (
			);
			inputPaths = (
			);
			name = "Check Pods Manifest.lock";
			outputPaths = (
			);
			runOnlyForDeploymentPostprocessing = 0;
			shellPath = /bin/sh;
			shellScript = "diff \"${PODS_ROOT}/../Podfile.lock\" \"${PODS_ROOT}/Manifest.lock\" > /dev/null\nif [[ $? != 0 ]] ; then\n    cat << EOM\nerror: The sandbox is not in sync with the Podfile.lock. Run 'pod install' or update your CocoaPods installation.\nEOM\n    exit 1\nfi\n";
			showEnvVarsInLog = 0;
		};
		55B464267A4A2A2CD57521EC /* Copy Pods Resources */ = {
			isa = PBXShellScriptBuildPhase;
			buildActionMask = 2147483647;
			files = (
			);
			inputPaths = (
			);
			name = "Copy Pods Resources";
			outputPaths = (
			);
			runOnlyForDeploymentPostprocessing = 0;
			shellPath = /bin/sh;
			shellScript = "\"${SRCROOT}/Pods/Target Support Files/Pods/Pods-resources.sh\"\n";
			showEnvVarsInLog = 0;
		};
/* End PBXShellScriptBuildPhase section */

/* Begin PBXSourcesBuildPhase section */
		94DD612C1AE5CC9D00B7140F /* Sources */ = {
			isa = PBXSourcesBuildPhase;
			buildActionMask = 2147483647;
			files = (
				94DD613C1AE5CC9D00B7140F /* ViewController.m in Sources */,
				94DD61391AE5CC9D00B7140F /* AppDelegate.m in Sources */,
				94DD61361AE5CC9D00B7140F /* main.m in Sources */,
				AD9BB591DFB864E7AEF510A8 /* MainView.m in Sources */,
			);
			runOnlyForDeploymentPostprocessing = 0;
		};
		94DD61451AE5CC9E00B7140F /* Sources */ = {
			isa = PBXSourcesBuildPhase;
			buildActionMask = 2147483647;
			files = (
				94DD61501AE5CC9E00B7140F /* JordansDemoAppTests.m in Sources */,
			);
			runOnlyForDeploymentPostprocessing = 0;
		};
/* End PBXSourcesBuildPhase section */

/* Begin PBXTargetDependency section */
		94DD614B1AE5CC9E00B7140F /* PBXTargetDependency */ = {
			isa = PBXTargetDependency;
			target = 94DD612F1AE5CC9D00B7140F /* JordansDemoApp */;
			targetProxy = 94DD614A1AE5CC9E00B7140F /* PBXContainerItemProxy */;
		};
/* End PBXTargetDependency section */

/* Begin PBXVariantGroup section */
		94DD61421AE5CC9E00B7140F /* LaunchScreen.xib */ = {
			isa = PBXVariantGroup;
			children = (
				94DD61431AE5CC9E00B7140F /* Base */,
			);
			name = LaunchScreen.xib;
			sourceTree = "<group>";
		};
/* End PBXVariantGroup section */

/* Begin XCBuildConfiguration section */
		94DD61511AE5CC9E00B7140F /* Debug */ = {
			isa = XCBuildConfiguration;
			buildSettings = {
				ALWAYS_SEARCH_USER_PATHS = NO;
				CLANG_CXX_LANGUAGE_STANDARD = "gnu++0x";
				CLANG_CXX_LIBRARY = "libc++";
				CLANG_ENABLE_MODULES = YES;
				CLANG_ENABLE_OBJC_ARC = YES;
				CLANG_WARN_BOOL_CONVERSION = YES;
				CLANG_WARN_CONSTANT_CONVERSION = YES;
				CLANG_WARN_DIRECT_OBJC_ISA_USAGE = YES_ERROR;
				CLANG_WARN_EMPTY_BODY = YES;
				CLANG_WARN_ENUM_CONVERSION = YES;
				CLANG_WARN_INT_CONVERSION = YES;
				CLANG_WARN_OBJC_ROOT_CLASS = YES_ERROR;
				CLANG_WARN_UNREACHABLE_CODE = YES;
				CLANG_WARN__DUPLICATE_METHOD_MATCH = YES;
				"CODE_SIGN_IDENTITY[sdk=iphoneos*]" = "iPhone Developer";
				COPY_PHASE_STRIP = NO;
				DEBUG_INFORMATION_FORMAT = "dwarf-with-dsym";
				ENABLE_STRICT_OBJC_MSGSEND = YES;
				GCC_C_LANGUAGE_STANDARD = gnu99;
				GCC_DYNAMIC_NO_PIC = NO;
				GCC_NO_COMMON_BLOCKS = YES;
				GCC_OPTIMIZATION_LEVEL = 0;
				GCC_PREPROCESSOR_DEFINITIONS = (
					"DEBUG=1",
					"$(inherited)",
				);
				GCC_SYMBOLS_PRIVATE_EXTERN = NO;
				GCC_WARN_64_TO_32_BIT_CONVERSION = YES;
				GCC_WARN_ABOUT_RETURN_TYPE = YES_ERROR;
				GCC_WARN_UNDECLARED_SELECTOR = YES;
				GCC_WARN_UNINITIALIZED_AUTOS = YES_AGGRESSIVE;
				GCC_WARN_UNUSED_FUNCTION = YES;
				GCC_WARN_UNUSED_VARIABLE = YES;
				IPHONEOS_DEPLOYMENT_TARGET = 8.3;
				MTL_ENABLE_DEBUG_INFO = YES;
				ONLY_ACTIVE_ARCH = YES;
				SDKROOT = iphoneos;
				TARGETED_DEVICE_FAMILY = "1,2";
			};
			name = Debug;
		};
		94DD61521AE5CC9E00B7140F /* Release */ = {
			isa = XCBuildConfiguration;
			buildSettings = {
				ALWAYS_SEARCH_USER_PATHS = NO;
				CLANG_CXX_LANGUAGE_STANDARD = "gnu++0x";
				CLANG_CXX_LIBRARY = "libc++";
				CLANG_ENABLE_MODULES = YES;
				CLANG_ENABLE_OBJC_ARC = YES;
				CLANG_WARN_BOOL_CONVERSION = YES;
				CLANG_WARN_CONSTANT_CONVERSION = YES;
				CLANG_WARN_DIRECT_OBJC_ISA_USAGE = YES_ERROR;
				CLANG_WARN_EMPTY_BODY = YES;
				CLANG_WARN_ENUM_CONVERSION = YES;
				CLANG_WARN_INT_CONVERSION = YES;
				CLANG_WARN_OBJC_ROOT_CLASS = YES_ERROR;
				CLANG_WARN_UNREACHABLE_CODE = YES;
				CLANG_WARN__DUPLICATE_METHOD_MATCH = YES;
				"CODE_SIGN_IDENTITY[sdk=iphoneos*]" = "iPhone Developer";
				COPY_PHASE_STRIP = NO;
				DEBUG_INFORMATION_FORMAT = "dwarf-with-dsym";
				ENABLE_NS_ASSERTIONS = NO;
				ENABLE_STRICT_OBJC_MSGSEND = YES;
				GCC_C_LANGUAGE_STANDARD = gnu99;
				GCC_NO_COMMON_BLOCKS = YES;
				GCC_WARN_64_TO_32_BIT_CONVERSION = YES;
				GCC_WARN_ABOUT_RETURN_TYPE = YES_ERROR;
				GCC_WARN_UNDECLARED_SELECTOR = YES;
				GCC_WARN_UNINITIALIZED_AUTOS = YES_AGGRESSIVE;
				GCC_WARN_UNUSED_FUNCTION = YES;
				GCC_WARN_UNUSED_VARIABLE = YES;
				IPHONEOS_DEPLOYMENT_TARGET = 8.3;
				MTL_ENABLE_DEBUG_INFO = NO;
				SDKROOT = iphoneos;
				TARGETED_DEVICE_FAMILY = "1,2";
				VALIDATE_PRODUCT = YES;
			};
			name = Release;
		};
		94DD61541AE5CC9E00B7140F /* Debug */ = {
			isa = XCBuildConfiguration;
			baseConfigurationReference = DC8A5A36E01C92974E7F4D16 /* Pods.debug.xcconfig */;
			buildSettings = {
				ASSETCATALOG_COMPILER_APPICON_NAME = AppIcon;
				INFOPLIST_FILE = JordansDemoApp/Info.plist;
				LD_RUNPATH_SEARCH_PATHS = "$(inherited) @executable_path/Frameworks";
				PRODUCT_NAME = "$(TARGET_NAME)";
				USER_HEADER_SEARCH_PATHS = "\"${PROJECT_DIR}/Pods\"/**";
			};
			name = Debug;
		};
		94DD61551AE5CC9E00B7140F /* Release */ = {
			isa = XCBuildConfiguration;
			baseConfigurationReference = 3CF0D8077404E8D505641B55 /* Pods.release.xcconfig */;
			buildSettings = {
				ASSETCATALOG_COMPILER_APPICON_NAME = AppIcon;
				INFOPLIST_FILE = JordansDemoApp/Info.plist;
				LD_RUNPATH_SEARCH_PATHS = "$(inherited) @executable_path/Frameworks";
				PRODUCT_NAME = "$(TARGET_NAME)";
				USER_HEADER_SEARCH_PATHS = "\"${PROJECT_DIR}/Pods\"/**";
			};
			name = Release;
		};
		94DD61571AE5CC9E00B7140F /* Debug */ = {
			isa = XCBuildConfiguration;
			buildSettings = {
				BUNDLE_LOADER = "$(TEST_HOST)";
				FRAMEWORK_SEARCH_PATHS = (
					"$(SDKROOT)/Developer/Library/Frameworks",
					"$(inherited)",
				);
				GCC_PREPROCESSOR_DEFINITIONS = (
					"DEBUG=1",
					"$(inherited)",
				);
				INFOPLIST_FILE = JordansDemoAppTests/Info.plist;
				LD_RUNPATH_SEARCH_PATHS = "$(inherited) @executable_path/Frameworks @loader_path/Frameworks";
				PRODUCT_NAME = "$(TARGET_NAME)";
				TEST_HOST = "$(BUILT_PRODUCTS_DIR)/JordansDemoApp.app/JordansDemoApp";
			};
			name = Debug;
		};
		94DD61581AE5CC9E00B7140F /* Release */ = {
			isa = XCBuildConfiguration;
			buildSettings = {
				BUNDLE_LOADER = "$(TEST_HOST)";
				FRAMEWORK_SEARCH_PATHS = (
					"$(SDKROOT)/Developer/Library/Frameworks",
					"$(inherited)",
				);
				INFOPLIST_FILE = JordansDemoAppTests/Info.plist;
				LD_RUNPATH_SEARCH_PATHS = "$(inherited) @executable_path/Frameworks @loader_path/Frameworks";
				PRODUCT_NAME = "$(TARGET_NAME)";
				TEST_HOST = "$(BUILT_PRODUCTS_DIR)/JordansDemoApp.app/JordansDemoApp";
			};
			name = Release;
		};
/* End XCBuildConfiguration section */

/* Begin XCConfigurationList section */
		94DD612B1AE5CC9D00B7140F /* Build configuration list for PBXProject "JordansDemoApp" */ = {
			isa = XCConfigurationList;
			buildConfigurations = (
				94DD61511AE5CC9E00B7140F /* Debug */,
				94DD61521AE5CC9E00B7140F /* Release */,
			);
			defaultConfigurationIsVisible = 0;
			defaultConfigurationName = Release;
		};
		94DD61531AE5CC9E00B7140F /* Build configuration list for PBXNativeTarget "JordansDemoApp" */ = {
			isa = XCConfigurationList;
			buildConfigurations = (
				94DD61541AE5CC9E00B7140F /* Debug */,
				94DD61551AE5CC9E00B7140F /* Release */,
			);
			defaultConfigurationIsVisible = 0;
		};
		94DD61561AE5CC9E00B7140F /* Build configuration list for PBXNativeTarget "JordansDemoAppTests" */ = {
			isa = XCConfigurationList;
			buildConfigurations = (
				94DD61571AE5CC9E00B7140F /* Debug */,
				94DD61581AE5CC9E00B7140F /* Release */,
			);
			defaultConfigurationIsVisible = 0;
		};
/* End XCConfigurationList section */
	};
	rootObject = 94DD61281AE5CC9D00B7140F /* Project object */;
}
